# THIS IS AN AUTOGENERATED FILE. DO NOT EDIT THIS FILE DIRECTLY.
# yarn lockfile v1


"nan@^2.14.1", "nan@^2.14.2":
  "integrity" "sha512-M2ufzIiINKCuDfBSAUr1vWQ+vuVcA9kqx8JJUsbQi6yf1uGRyb7HfpdfUr5qLXf3B/t8dPvcjhKMmlfnP47EzQ=="
  "resolved" "https://registry.npmjs.org/nan/-/nan-2.14.2.tgz"
  "version" "2.14.2"

"tree-sitter-cli@^0.19.2":
  "integrity" "sha512-Ykmza3kS9QmPOkpNikKXR5c3IwPhTCrWj+Okj9vVilrPlR1gFlgnjoKWoX2aTDW8ODFKsT0KqFRm1Ey4+xvTxg=="
  "resolved" "https://registry.npmjs.org/tree-sitter-cli/-/tree-sitter-cli-0.19.2.tgz"
  "version" "0.19.2"

"tree-sitter-json@^0.19.0":
  "integrity" "sha512-XospLJCiv/xTS6n4llBhXGCEDvnt30oEZr1Eo7qD9YgMJgEmjhQ/036Qx5kclB21CrP6CLWVudgjQZZ4LAMG8A=="
  "resolved" "https://registry.npmjs.org/tree-sitter-json/-/tree-sitter-json-0.19.0.tgz"
  "version" "0.19.0"
  dependencies:
    "nan" "^2.14.1"
